// !$*UTF8*$!
{
	archiveVersion = 1;
	classes = {
	};
	objectVersion = 46;
	objects = {

/* Begin PBXBuildFile section */
		B613A86B15FD67CF005D88CA /* NSDictionary+FAJSONRequest.h in Resources */ = {isa = PBXBuildFile; fileRef = B613A86915FD67CF005D88CA /* NSDictionary+FAJSONRequest.h */; };
		B613A86C15FD67CF005D88CA /* NSDictionary+FAJSONRequest.m in Resources */ = {isa = PBXBuildFile; fileRef = B613A86A15FD67CF005D88CA /* NSDictionary+FAJSONRequest.m */; };
		B613A87315FD6FEB005D88CA /* FAAuthViewController.h in Resources */ = {isa = PBXBuildFile; fileRef = B613A87015FD6FEB005D88CA /* FAAuthViewController.h */; };
		B613A87415FD6FEB005D88CA /* FAAuthViewController.m in Resources */ = {isa = PBXBuildFile; fileRef = B613A87115FD6FEB005D88CA /* FAAuthViewController.m */; };
		B63EAB2715FD748B00DB2663 /* FAAuthViewController.m in Sources */ = {isa = PBXBuildFile; fileRef = B613A87115FD6FEB005D88CA /* FAAuthViewController.m */; };
		B63EAB2B15FD762800DB2663 /* FATabBarController.m in Sources */ = {isa = PBXBuildFile; fileRef = B63EAB2A15FD762800DB2663 /* FATabBarController.m */; };
		B63EAB2E15FE57DE00DB2663 /* QuartzCore.framework in Frameworks */ = {isa = PBXBuildFile; fileRef = B63EAB2C15FE57BD00DB2663 /* QuartzCore.framework */; };
		B63EAB3115FE59A600DB2663 /* FAEditableTableViewCell.m in Sources */ = {isa = PBXBuildFile; fileRef = B63EAB3015FE59A600DB2663 /* FAEditableTableViewCell.m */; };
		B64C8F3E16238B0600A7C784 /* FATraktMovie.m in Sources */ = {isa = PBXBuildFile; fileRef = B64C8F3D16238B0600A7C784 /* FATraktMovie.m */; };
		B66752FF15F12FBE00A8D76D /* UIKit.framework in Frameworks */ = {isa = PBXBuildFile; fileRef = B66752FE15F12FBE00A8D76D /* UIKit.framework */; };
		B667530115F12FBE00A8D76D /* Foundation.framework in Frameworks */ = {isa = PBXBuildFile; fileRef = B667530015F12FBE00A8D76D /* Foundation.framework */; };
		B667530315F12FBE00A8D76D /* CoreGraphics.framework in Frameworks */ = {isa = PBXBuildFile; fileRef = B667530215F12FBE00A8D76D /* CoreGraphics.framework */; };
		B667530915F12FBE00A8D76D /* InfoPlist.strings in Resources */ = {isa = PBXBuildFile; fileRef = B667530715F12FBE00A8D76D /* InfoPlist.strings */; };
		B667530B15F12FBE00A8D76D /* main.m in Sources */ = {isa = PBXBuildFile; fileRef = B667530A15F12FBE00A8D76D /* main.m */; };
		B667530F15F12FBE00A8D76D /* FAAppDelegate.m in Sources */ = {isa = PBXBuildFile; fileRef = B667530E15F12FBE00A8D76D /* FAAppDelegate.m */; };
		B667531215F12FBE00A8D76D /* MainStoryboard_iPhone.storyboard in Resources */ = {isa = PBXBuildFile; fileRef = B667531015F12FBE00A8D76D /* MainStoryboard_iPhone.storyboard */; };
		B667531515F12FBE00A8D76D /* MainStoryboard_iPad.storyboard in Resources */ = {isa = PBXBuildFile; fileRef = B667531315F12FBE00A8D76D /* MainStoryboard_iPad.storyboard */; };
		B667531815F12FBE00A8D76D /* FASearchViewController.m in Sources */ = {isa = PBXBuildFile; fileRef = B667531715F12FBE00A8D76D /* FASearchViewController.m */; };
		B667531A15F12FBE00A8D76D /* first.png in Resources */ = {isa = PBXBuildFile; fileRef = B667531915F12FBE00A8D76D /* first.png */; };
		B667531C15F12FBE00A8D76D /* first@2x.png in Resources */ = {isa = PBXBuildFile; fileRef = B667531B15F12FBE00A8D76D /* first@2x.png */; };
		B667532115F12FBE00A8D76D /* second.png in Resources */ = {isa = PBXBuildFile; fileRef = B667532015F12FBE00A8D76D /* second.png */; };
		B667532315F12FBE00A8D76D /* second@2x.png in Resources */ = {isa = PBXBuildFile; fileRef = B667532215F12FBE00A8D76D /* second@2x.png */; };
		B667532B15F12FBE00A8D76D /* SenTestingKit.framework in Frameworks */ = {isa = PBXBuildFile; fileRef = B667532A15F12FBE00A8D76D /* SenTestingKit.framework */; };
		B667532C15F12FBE00A8D76D /* UIKit.framework in Frameworks */ = {isa = PBXBuildFile; fileRef = B66752FE15F12FBE00A8D76D /* UIKit.framework */; };
		B667532D15F12FBE00A8D76D /* Foundation.framework in Frameworks */ = {isa = PBXBuildFile; fileRef = B667530015F12FBE00A8D76D /* Foundation.framework */; };
		B667533515F12FBE00A8D76D /* InfoPlist.strings in Resources */ = {isa = PBXBuildFile; fileRef = B667533315F12FBE00A8D76D /* InfoPlist.strings */; };
		B667533815F12FBE00A8D76D /* TrakrTests.m in Sources */ = {isa = PBXBuildFile; fileRef = B667533715F12FBE00A8D76D /* TrakrTests.m */; };
		B667534715F1319500A8D76D /* FATrakt.m in Sources */ = {isa = PBXBuildFile; fileRef = B667534615F1319500A8D76D /* FATrakt.m */; };
		B6FB0DB8161DCA0000043207 /* Default-568h@2x.png in Resources */ = {isa = PBXBuildFile; fileRef = B6FB0DB7161DCA0000043207 /* Default-568h@2x.png */; };
		B6FB0DBC161DEF2C00043207 /* NSString+URLEncode.m in Sources */ = {isa = PBXBuildFile; fileRef = B6FB0DBB161DEF2C00043207 /* NSString+URLEncode.m */; };
		B6FB0DBF161DF2C100043207 /* FASearchData.m in Sources */ = {isa = PBXBuildFile; fileRef = B6FB0DBE161DF2C100043207 /* FASearchData.m */; };
		C086381688C54BD0BB2DE3E1 /* libPods.a in Frameworks */ = {isa = PBXBuildFile; fileRef = E6D0B6AA985E4CD4B698AA53 /* libPods.a */; };
		F310CAAA16A7960900781F24 /* FATraktSeason.m in Sources */ = {isa = PBXBuildFile; fileRef = F310CAA916A7960900781F24 /* FATraktSeason.m */; };
		F3309659162743D7000BD107 /* FAPropertyUtil.m in Sources */ = {isa = PBXBuildFile; fileRef = F3309658162743D7000BD107 /* FAPropertyUtil.m */; };
		F330965F162816DE000BD107 /* FATraktPeople.m in Sources */ = {isa = PBXBuildFile; fileRef = F330965E162816DE000BD107 /* FATraktPeople.m */; };
		F330966216281728000BD107 /* FATraktPeopleList.m in Sources */ = {isa = PBXBuildFile; fileRef = F330966116281728000BD107 /* FATraktPeopleList.m */; };
		F3328C26162740C500FB65B8 /* FATraktDatatype.m in Sources */ = {isa = PBXBuildFile; fileRef = F3328C25162740C500FB65B8 /* FATraktDatatype.m */; };
		F35445FF16308050007D0AC5 /* FAStatusBarSpinnerController.m in Sources */ = {isa = PBXBuildFile; fileRef = F35445FE16308050007D0AC5 /* FAStatusBarSpinnerController.m */; };
		F3544603163084FC007D0AC5 /* FATraktImageList.m in Sources */ = {isa = PBXBuildFile; fileRef = F3544602163084FC007D0AC5 /* FATraktImageList.m */; };
		F3544609163087D1007D0AC5 /* NSString+StringByAppendingSuffixToFilename.m in Sources */ = {isa = PBXBuildFile; fileRef = F3544608163087D1007D0AC5 /* NSString+StringByAppendingSuffixToFilename.m */; };
		F357AB3416A78F5C00A578D5 /* FAEpisodeListViewController.m in Sources */ = {isa = PBXBuildFile; fileRef = F357AB3316A78F5C00A578D5 /* FAEpisodeListViewController.m */; };
		F357FA6516A8695C00420EC4 /* license.txt in Resources */ = {isa = PBXBuildFile; fileRef = F357FA6416A8695C00420EC4 /* license.txt */; };
		F357FA6816A8842600420EC4 /* FASettingsViewController.m in Sources */ = {isa = PBXBuildFile; fileRef = F357FA6716A8842600420EC4 /* FASettingsViewController.m */; };
		F357FA6A16A899DD00420EC4 /* Checkmark.png in Resources */ = {isa = PBXBuildFile; fileRef = F357FA6916A899DD00420EC4 /* Checkmark.png */; };
		F357FA6C16A89A4800420EC4 /* Checkmark@2x.png in Resources */ = {isa = PBXBuildFile; fileRef = F357FA6B16A89A4800420EC4 /* Checkmark@2x.png */; };
		F357FA6F16A8B60100420EC4 /* FAListsViewController.m in Sources */ = {isa = PBXBuildFile; fileRef = F357FA6E16A8B60100420EC4 /* FAListsViewController.m */; };
		F382AE6E1680D5C000B878BC /* UIView+SizeToFitSubviews.m in Sources */ = {isa = PBXBuildFile; fileRef = F382AE6D1680D5C000B878BC /* UIView+SizeToFitSubviews.m */; };
		F386984F16DA75C600FA3F2E /* FATraktList.m in Sources */ = {isa = PBXBuildFile; fileRef = F386984E16DA75C600FA3F2E /* FATraktList.m */; };
		F386985216DA84AA00FA3F2E /* FAListDetailViewController.m in Sources */ = {isa = PBXBuildFile; fileRef = F386985116DA84AA00FA3F2E /* FAListDetailViewController.m */; };
		F38BD69C16B770E300267137 /* FATitleLabel.m in Sources */ = {isa = PBXBuildFile; fileRef = F38BD69B16B770E300267137 /* FATitleLabel.m */; };
		F390191916512EB8006C8E5B /* SFHFKeychainUtils.m in Sources */ = {isa = PBXBuildFile; fileRef = F390191816512EB8006C8E5B /* SFHFKeychainUtils.m */; };
		F390191B16513819006C8E5B /* Security.framework in Frameworks */ = {isa = PBXBuildFile; fileRef = F390191A16513819006C8E5B /* Security.framework */; };
		F390191E16514242006C8E5B /* APLog.m in Sources */ = {isa = PBXBuildFile; fileRef = F390191D16514242006C8E5B /* APLog.m */; };
		F3C84B761628E105006CBFEF /* FATableViewCellWithActivity.m in Sources */ = {isa = PBXBuildFile; fileRef = F3C84B751628E105006CBFEF /* FATableViewCellWithActivity.m */; };
		F3C84B791629719D006CBFEF /* FADetailViewController.m in Sources */ = {isa = PBXBuildFile; fileRef = F3C84B781629719D006CBFEF /* FADetailViewController.m */; };
		F3C84B7B162976A6006CBFEF /* Default.png in Resources */ = {isa = PBXBuildFile; fileRef = F3C84B7A162976A5006CBFEF /* Default.png */; };
		F3C84B7D162A1BCA006CBFEF /* FAImagePlaceholder.png in Resources */ = {isa = PBXBuildFile; fileRef = F3C84B7C162A1BC9006CBFEF /* FAImagePlaceholder.png */; };
		F3EE743E16DA916300FF2C9F /* FATraktListItem.m in Sources */ = {isa = PBXBuildFile; fileRef = F3EE743D16DA916300FF2C9F /* FATraktListItem.m */; };
		F3F35E82169B655600A925B4 /* FASearchBar.m in Sources */ = {isa = PBXBuildFile; fileRef = F3F35E81169B655600A925B4 /* FASearchBar.m */; };
		F3F35E85169B6B7C00A925B4 /* FATraktContent.m in Sources */ = {isa = PBXBuildFile; fileRef = F3F35E84169B6B7C00A925B4 /* FATraktContent.m */; };
		F3F35E88169B6D7800A925B4 /* FATraktWatchableBaseItem.m in Sources */ = {isa = PBXBuildFile; fileRef = F3F35E87169B6D7800A925B4 /* FATraktWatchableBaseItem.m */; };
		F3F8C5F31626F33E00D6BD4C /* FASearchBarWithActivity.m in Sources */ = {isa = PBXBuildFile; fileRef = F3F8C5F21626F33E00D6BD4C /* FASearchBarWithActivity.m */; };
		F3F8C5FB162705F500D6BD4C /* FASearchResultTableViewCell.m in Sources */ = {isa = PBXBuildFile; fileRef = F3F8C5FA162705F500D6BD4C /* FASearchResultTableViewCell.m */; };
		F3F9E30D16282D490077CBAA /* FATrakrTestSearch.m in Sources */ = {isa = PBXBuildFile; fileRef = F3F9E30C16282D490077CBAA /* FATrakrTestSearch.m */; };
		F3F9E310162831C30077CBAA /* FATraktShow.m in Sources */ = {isa = PBXBuildFile; fileRef = F3F9E30F162831C30077CBAA /* FATraktShow.m */; };
		F3F9E313162838610077CBAA /* FATraktEpisode.m in Sources */ = {isa = PBXBuildFile; fileRef = F3F9E312162838610077CBAA /* FATraktEpisode.m */; };
		F3F9E3161628C9710077CBAA /* FAConnectingViewController.m in Sources */ = {isa = PBXBuildFile; fileRef = F3F9E3151628C9710077CBAA /* FAConnectingViewController.m */; };
		F3F9E3181628CE600077CBAA /* Default@2x.png in Resources */ = {isa = PBXBuildFile; fileRef = F3F9E3171628CE600077CBAA /* Default@2x.png */; };
/* End PBXBuildFile section */

/* Begin PBXContainerItemProxy section */
		B667532E15F12FBE00A8D76D /* PBXContainerItemProxy */ = {
			isa = PBXContainerItemProxy;
			containerPortal = B66752F115F12FBE00A8D76D /* Project object */;
			proxyType = 1;
			remoteGlobalIDString = B66752F915F12FBE00A8D76D;
			remoteInfo = Trakr;
		};
/* End PBXContainerItemProxy section */

/* Begin PBXFileReference section */
		B613A86915FD67CF005D88CA /* NSDictionary+FAJSONRequest.h */ = {isa = PBXFileReference; lastKnownFileType = sourcecode.c.h; name = "NSDictionary+FAJSONRequest.h"; path = "API/NSDictionary+FAJSONRequest.h"; sourceTree = "<group>"; };
		B613A86A15FD67CF005D88CA /* NSDictionary+FAJSONRequest.m */ = {isa = PBXFileReference; lastKnownFileType = sourcecode.c.objc; name = "NSDictionary+FAJSONRequest.m"; path = "API/NSDictionary+FAJSONRequest.m"; sourceTree = "<group>"; };
		B613A87015FD6FEB005D88CA /* FAAuthViewController.h */ = {isa = PBXFileReference; lastKnownFileType = sourcecode.c.h; path = FAAuthViewController.h; sourceTree = "<group>"; };
		B613A87115FD6FEB005D88CA /* FAAuthViewController.m */ = {isa = PBXFileReference; lastKnownFileType = sourcecode.c.objc; path = FAAuthViewController.m; sourceTree = "<group>"; };
		B63EAB2915FD762800DB2663 /* FATabBarController.h */ = {isa = PBXFileReference; fileEncoding = 4; lastKnownFileType = sourcecode.c.h; path = FATabBarController.h; sourceTree = "<group>"; };
		B63EAB2A15FD762800DB2663 /* FATabBarController.m */ = {isa = PBXFileReference; fileEncoding = 4; lastKnownFileType = sourcecode.c.objc; path = FATabBarController.m; sourceTree = "<group>"; };
		B63EAB2C15FE57BD00DB2663 /* QuartzCore.framework */ = {isa = PBXFileReference; lastKnownFileType = wrapper.framework; name = QuartzCore.framework; path = System/Library/Frameworks/QuartzCore.framework; sourceTree = SDKROOT; };
		B63EAB2F15FE59A600DB2663 /* FAEditableTableViewCell.h */ = {isa = PBXFileReference; fileEncoding = 4; lastKnownFileType = sourcecode.c.h; path = FAEditableTableViewCell.h; sourceTree = "<group>"; };
		B63EAB3015FE59A600DB2663 /* FAEditableTableViewCell.m */ = {isa = PBXFileReference; fileEncoding = 4; lastKnownFileType = sourcecode.c.objc; path = FAEditableTableViewCell.m; sourceTree = "<group>"; };
		B64C8F3C16238B0600A7C784 /* FATraktMovie.h */ = {isa = PBXFileReference; fileEncoding = 4; lastKnownFileType = sourcecode.c.h; name = FATraktMovie.h; path = API/DataTypes/FATraktMovie.h; sourceTree = "<group>"; };
		B64C8F3D16238B0600A7C784 /* FATraktMovie.m */ = {isa = PBXFileReference; fileEncoding = 4; lastKnownFileType = sourcecode.c.objc; name = FATraktMovie.m; path = API/DataTypes/FATraktMovie.m; sourceTree = "<group>"; };
		B66752FA15F12FBE00A8D76D /* Trakr.app */ = {isa = PBXFileReference; explicitFileType = wrapper.application; includeInIndex = 0; path = Trakr.app; sourceTree = BUILT_PRODUCTS_DIR; };
		B66752FE15F12FBE00A8D76D /* UIKit.framework */ = {isa = PBXFileReference; includeInIndex = 1; lastKnownFileType = wrapper.framework; name = UIKit.framework; path = System/Library/Frameworks/UIKit.framework; sourceTree = SDKROOT; };
		B667530015F12FBE00A8D76D /* Foundation.framework */ = {isa = PBXFileReference; includeInIndex = 1; lastKnownFileType = wrapper.framework; name = Foundation.framework; path = System/Library/Frameworks/Foundation.framework; sourceTree = SDKROOT; };
		B667530215F12FBE00A8D76D /* CoreGraphics.framework */ = {isa = PBXFileReference; includeInIndex = 1; lastKnownFileType = wrapper.framework; name = CoreGraphics.framework; path = System/Library/Frameworks/CoreGraphics.framework; sourceTree = SDKROOT; };
		B667530615F12FBE00A8D76D /* Trakr-Info.plist */ = {isa = PBXFileReference; lastKnownFileType = text.plist.xml; path = "Trakr-Info.plist"; sourceTree = "<group>"; };
		B667530815F12FBE00A8D76D /* en */ = {isa = PBXFileReference; lastKnownFileType = text.plist.strings; name = en; path = en.lproj/InfoPlist.strings; sourceTree = "<group>"; };
		B667530A15F12FBE00A8D76D /* main.m */ = {isa = PBXFileReference; lastKnownFileType = sourcecode.c.objc; path = main.m; sourceTree = "<group>"; };
		B667530C15F12FBE00A8D76D /* Trakr-Prefix.pch */ = {isa = PBXFileReference; lastKnownFileType = sourcecode.c.h; path = "Trakr-Prefix.pch"; sourceTree = "<group>"; };
		B667530D15F12FBE00A8D76D /* FAAppDelegate.h */ = {isa = PBXFileReference; lastKnownFileType = sourcecode.c.h; path = FAAppDelegate.h; sourceTree = "<group>"; };
		B667530E15F12FBE00A8D76D /* FAAppDelegate.m */ = {isa = PBXFileReference; lastKnownFileType = sourcecode.c.objc; path = FAAppDelegate.m; sourceTree = "<group>"; };
		B667531115F12FBE00A8D76D /* en */ = {isa = PBXFileReference; lastKnownFileType = file.storyboard; name = en; path = en.lproj/MainStoryboard_iPhone.storyboard; sourceTree = "<group>"; };
		B667531415F12FBE00A8D76D /* en */ = {isa = PBXFileReference; lastKnownFileType = file.storyboard; name = en; path = en.lproj/MainStoryboard_iPad.storyboard; sourceTree = "<group>"; };
		B667531615F12FBE00A8D76D /* FASearchViewController.h */ = {isa = PBXFileReference; lastKnownFileType = sourcecode.c.h; path = FASearchViewController.h; sourceTree = "<group>"; };
		B667531715F12FBE00A8D76D /* FASearchViewController.m */ = {isa = PBXFileReference; lastKnownFileType = sourcecode.c.objc; path = FASearchViewController.m; sourceTree = "<group>"; };
		B667531915F12FBE00A8D76D /* first.png */ = {isa = PBXFileReference; lastKnownFileType = image.png; path = first.png; sourceTree = "<group>"; };
		B667531B15F12FBE00A8D76D /* first@2x.png */ = {isa = PBXFileReference; lastKnownFileType = image.png; path = "first@2x.png"; sourceTree = "<group>"; };
		B667532015F12FBE00A8D76D /* second.png */ = {isa = PBXFileReference; lastKnownFileType = image.png; path = second.png; sourceTree = "<group>"; };
		B667532215F12FBE00A8D76D /* second@2x.png */ = {isa = PBXFileReference; lastKnownFileType = image.png; path = "second@2x.png"; sourceTree = "<group>"; };
		B667532915F12FBE00A8D76D /* TrakrTests.octest */ = {isa = PBXFileReference; explicitFileType = wrapper.cfbundle; includeInIndex = 0; path = TrakrTests.octest; sourceTree = BUILT_PRODUCTS_DIR; };
		B667532A15F12FBE00A8D76D /* SenTestingKit.framework */ = {isa = PBXFileReference; lastKnownFileType = wrapper.framework; name = SenTestingKit.framework; path = Library/Frameworks/SenTestingKit.framework; sourceTree = DEVELOPER_DIR; };
		B667533215F12FBE00A8D76D /* TrakrTests-Info.plist */ = {isa = PBXFileReference; lastKnownFileType = text.plist.xml; path = "TrakrTests-Info.plist"; sourceTree = "<group>"; };
		B667533415F12FBE00A8D76D /* en */ = {isa = PBXFileReference; lastKnownFileType = text.plist.strings; name = en; path = en.lproj/InfoPlist.strings; sourceTree = "<group>"; };
		B667533615F12FBE00A8D76D /* TrakrTests.h */ = {isa = PBXFileReference; lastKnownFileType = sourcecode.c.h; path = TrakrTests.h; sourceTree = "<group>"; };
		B667533715F12FBE00A8D76D /* TrakrTests.m */ = {isa = PBXFileReference; lastKnownFileType = sourcecode.c.objc; path = TrakrTests.m; sourceTree = "<group>"; };
		B667534515F1319500A8D76D /* FATrakt.h */ = {isa = PBXFileReference; fileEncoding = 4; lastKnownFileType = sourcecode.c.h; name = FATrakt.h; path = API/FATrakt.h; sourceTree = "<group>"; };
		B667534615F1319500A8D76D /* FATrakt.m */ = {isa = PBXFileReference; fileEncoding = 4; lastKnownFileType = sourcecode.c.objc; name = FATrakt.m; path = API/FATrakt.m; sourceTree = "<group>"; };
		B6FB0DB7161DCA0000043207 /* Default-568h@2x.png */ = {isa = PBXFileReference; lastKnownFileType = image.png; name = "Default-568h@2x.png"; path = "../Default-568h@2x.png"; sourceTree = "<group>"; };
		B6FB0DBA161DEF2C00043207 /* NSString+URLEncode.h */ = {isa = PBXFileReference; fileEncoding = 4; lastKnownFileType = sourcecode.c.h; path = "NSString+URLEncode.h"; sourceTree = "<group>"; };
		B6FB0DBB161DEF2C00043207 /* NSString+URLEncode.m */ = {isa = PBXFileReference; fileEncoding = 4; lastKnownFileType = sourcecode.c.objc; path = "NSString+URLEncode.m"; sourceTree = "<group>"; };
		B6FB0DBD161DF2C100043207 /* FASearchData.h */ = {isa = PBXFileReference; fileEncoding = 4; lastKnownFileType = sourcecode.c.h; path = FASearchData.h; sourceTree = "<group>"; };
		B6FB0DBE161DF2C100043207 /* FASearchData.m */ = {isa = PBXFileReference; fileEncoding = 4; lastKnownFileType = sourcecode.c.objc; path = FASearchData.m; sourceTree = "<group>"; };
		E6D0B6AA985E4CD4B698AA53 /* libPods.a */ = {isa = PBXFileReference; explicitFileType = archive.ar; includeInIndex = 0; path = libPods.a; sourceTree = BUILT_PRODUCTS_DIR; };
		F310CAA816A7960900781F24 /* FATraktSeason.h */ = {isa = PBXFileReference; fileEncoding = 4; lastKnownFileType = sourcecode.c.h; name = FATraktSeason.h; path = API/DataTypes/FATraktSeason.h; sourceTree = "<group>"; };
		F310CAA916A7960900781F24 /* FATraktSeason.m */ = {isa = PBXFileReference; fileEncoding = 4; lastKnownFileType = sourcecode.c.objc; name = FATraktSeason.m; path = API/DataTypes/FATraktSeason.m; sourceTree = "<group>"; };
		F3309657162743D7000BD107 /* FAPropertyUtil.h */ = {isa = PBXFileReference; fileEncoding = 4; lastKnownFileType = sourcecode.c.h; name = FAPropertyUtil.h; path = Util/FAPropertyUtil.h; sourceTree = "<group>"; };
		F3309658162743D7000BD107 /* FAPropertyUtil.m */ = {isa = PBXFileReference; fileEncoding = 4; lastKnownFileType = sourcecode.c.objc; name = FAPropertyUtil.m; path = Util/FAPropertyUtil.m; sourceTree = "<group>"; };
		F330965D162816DE000BD107 /* FATraktPeople.h */ = {isa = PBXFileReference; fileEncoding = 4; lastKnownFileType = sourcecode.c.h; name = FATraktPeople.h; path = API/DataTypes/FATraktPeople.h; sourceTree = "<group>"; };
		F330965E162816DE000BD107 /* FATraktPeople.m */ = {isa = PBXFileReference; fileEncoding = 4; lastKnownFileType = sourcecode.c.objc; name = FATraktPeople.m; path = API/DataTypes/FATraktPeople.m; sourceTree = "<group>"; };
		F330966016281728000BD107 /* FATraktPeopleList.h */ = {isa = PBXFileReference; fileEncoding = 4; lastKnownFileType = sourcecode.c.h; name = FATraktPeopleList.h; path = API/DataTypes/FATraktPeopleList.h; sourceTree = "<group>"; };
		F330966116281728000BD107 /* FATraktPeopleList.m */ = {isa = PBXFileReference; fileEncoding = 4; lastKnownFileType = sourcecode.c.objc; name = FATraktPeopleList.m; path = API/DataTypes/FATraktPeopleList.m; sourceTree = "<group>"; };
		F3328C24162740C500FB65B8 /* FATraktDatatype.h */ = {isa = PBXFileReference; fileEncoding = 4; lastKnownFileType = sourcecode.c.h; name = FATraktDatatype.h; path = API/DataTypes/FATraktDatatype.h; sourceTree = "<group>"; };
		F3328C25162740C500FB65B8 /* FATraktDatatype.m */ = {isa = PBXFileReference; fileEncoding = 4; lastKnownFileType = sourcecode.c.objc; name = FATraktDatatype.m; path = API/DataTypes/FATraktDatatype.m; sourceTree = "<group>"; };
		F35445FD16308050007D0AC5 /* FAStatusBarSpinnerController.h */ = {isa = PBXFileReference; fileEncoding = 4; lastKnownFileType = sourcecode.c.h; path = FAStatusBarSpinnerController.h; sourceTree = "<group>"; };
		F35445FE16308050007D0AC5 /* FAStatusBarSpinnerController.m */ = {isa = PBXFileReference; fileEncoding = 4; lastKnownFileType = sourcecode.c.objc; path = FAStatusBarSpinnerController.m; sourceTree = "<group>"; };
		F3544601163084FC007D0AC5 /* FATraktImageList.h */ = {isa = PBXFileReference; fileEncoding = 4; lastKnownFileType = sourcecode.c.h; name = FATraktImageList.h; path = API/DataTypes/FATraktImageList.h; sourceTree = "<group>"; };
		F3544602163084FC007D0AC5 /* FATraktImageList.m */ = {isa = PBXFileReference; fileEncoding = 4; lastKnownFileType = sourcecode.c.objc; name = FATraktImageList.m; path = API/DataTypes/FATraktImageList.m; sourceTree = "<group>"; };
		F3544607163087D1007D0AC5 /* NSString+StringByAppendingSuffixToFilename.h */ = {isa = PBXFileReference; fileEncoding = 4; lastKnownFileType = sourcecode.c.h; path = "NSString+StringByAppendingSuffixToFilename.h"; sourceTree = "<group>"; };
		F3544608163087D1007D0AC5 /* NSString+StringByAppendingSuffixToFilename.m */ = {isa = PBXFileReference; fileEncoding = 4; lastKnownFileType = sourcecode.c.objc; path = "NSString+StringByAppendingSuffixToFilename.m"; sourceTree = "<group>"; };
		F357AB3216A78F5C00A578D5 /* FAEpisodeListViewController.h */ = {isa = PBXFileReference; fileEncoding = 4; lastKnownFileType = sourcecode.c.h; path = FAEpisodeListViewController.h; sourceTree = "<group>"; };
		F357AB3316A78F5C00A578D5 /* FAEpisodeListViewController.m */ = {isa = PBXFileReference; fileEncoding = 4; lastKnownFileType = sourcecode.c.objc; path = FAEpisodeListViewController.m; sourceTree = "<group>"; };
		F357FA6416A8695C00420EC4 /* license.txt */ = {isa = PBXFileReference; fileEncoding = 4; lastKnownFileType = text; path = license.txt; sourceTree = "<group>"; };
		F357FA6616A8842600420EC4 /* FASettingsViewController.h */ = {isa = PBXFileReference; fileEncoding = 4; lastKnownFileType = sourcecode.c.h; path = FASettingsViewController.h; sourceTree = "<group>"; };
		F357FA6716A8842600420EC4 /* FASettingsViewController.m */ = {isa = PBXFileReference; fileEncoding = 4; lastKnownFileType = sourcecode.c.objc; path = FASettingsViewController.m; sourceTree = "<group>"; };
		F357FA6916A899DD00420EC4 /* Checkmark.png */ = {isa = PBXFileReference; lastKnownFileType = image.png; name = Checkmark.png; path = Resources/Checkmark.png; sourceTree = "<group>"; };
		F357FA6B16A89A4800420EC4 /* Checkmark@2x.png */ = {isa = PBXFileReference; lastKnownFileType = image.png; name = "Checkmark@2x.png"; path = "Resources/Checkmark@2x.png"; sourceTree = "<group>"; };
		F357FA6D16A8B60100420EC4 /* FAListsViewController.h */ = {isa = PBXFileReference; fileEncoding = 4; lastKnownFileType = sourcecode.c.h; path = FAListsViewController.h; sourceTree = "<group>"; };
		F357FA6E16A8B60100420EC4 /* FAListsViewController.m */ = {isa = PBXFileReference; fileEncoding = 4; lastKnownFileType = sourcecode.c.objc; path = FAListsViewController.m; sourceTree = "<group>"; };
		F382AE6C1680D5C000B878BC /* UIView+SizeToFitSubviews.h */ = {isa = PBXFileReference; fileEncoding = 4; lastKnownFileType = sourcecode.c.h; name = "UIView+SizeToFitSubviews.h"; path = "Categories/UIView+SizeToFitSubviews.h"; sourceTree = "<group>"; };
		F382AE6D1680D5C000B878BC /* UIView+SizeToFitSubviews.m */ = {isa = PBXFileReference; fileEncoding = 4; lastKnownFileType = sourcecode.c.objc; name = "UIView+SizeToFitSubviews.m"; path = "Categories/UIView+SizeToFitSubviews.m"; sourceTree = "<group>"; };
		F386984D16DA75C600FA3F2E /* FATraktList.h */ = {isa = PBXFileReference; fileEncoding = 4; lastKnownFileType = sourcecode.c.h; name = FATraktList.h; path = API/DataTypes/FATraktList.h; sourceTree = "<group>"; };
		F386984E16DA75C600FA3F2E /* FATraktList.m */ = {isa = PBXFileReference; fileEncoding = 4; lastKnownFileType = sourcecode.c.objc; name = FATraktList.m; path = API/DataTypes/FATraktList.m; sourceTree = "<group>"; };
		F386985016DA84AA00FA3F2E /* FAListDetailViewController.h */ = {isa = PBXFileReference; fileEncoding = 4; lastKnownFileType = sourcecode.c.h; path = FAListDetailViewController.h; sourceTree = "<group>"; };
		F386985116DA84AA00FA3F2E /* FAListDetailViewController.m */ = {isa = PBXFileReference; fileEncoding = 4; lastKnownFileType = sourcecode.c.objc; path = FAListDetailViewController.m; sourceTree = "<group>"; };
		F38BD69A16B770E300267137 /* FATitleLabel.h */ = {isa = PBXFileReference; fileEncoding = 4; lastKnownFileType = sourcecode.c.h; name = FATitleLabel.h; path = Elements/FATitleLabel.h; sourceTree = "<group>"; };
		F38BD69B16B770E300267137 /* FATitleLabel.m */ = {isa = PBXFileReference; fileEncoding = 4; lastKnownFileType = sourcecode.c.objc; name = FATitleLabel.m; path = Elements/FATitleLabel.m; sourceTree = "<group>"; };
		F390191716512EB8006C8E5B /* SFHFKeychainUtils.h */ = {isa = PBXFileReference; fileEncoding = 4; lastKnownFileType = sourcecode.c.h; name = SFHFKeychainUtils.h; path = Util/SFHFKeychainUtils.h; sourceTree = "<group>"; };
		F390191816512EB8006C8E5B /* SFHFKeychainUtils.m */ = {isa = PBXFileReference; fileEncoding = 4; lastKnownFileType = sourcecode.c.objc; name = SFHFKeychainUtils.m; path = Util/SFHFKeychainUtils.m; sourceTree = "<group>"; };
		F390191A16513819006C8E5B /* Security.framework */ = {isa = PBXFileReference; lastKnownFileType = wrapper.framework; name = Security.framework; path = System/Library/Frameworks/Security.framework; sourceTree = SDKROOT; };
		F390191C16514242006C8E5B /* APLog.h */ = {isa = PBXFileReference; fileEncoding = 4; lastKnownFileType = sourcecode.c.h; name = APLog.h; path = Util/APLog.h; sourceTree = "<group>"; };
		F390191D16514242006C8E5B /* APLog.m */ = {isa = PBXFileReference; fileEncoding = 4; lastKnownFileType = sourcecode.c.objc; name = APLog.m; path = Util/APLog.m; sourceTree = "<group>"; };
		F3C84B731628DF52006CBFEF /* FAUIElementWithActivity.h */ = {isa = PBXFileReference; fileEncoding = 4; lastKnownFileType = sourcecode.c.h; path = FAUIElementWithActivity.h; sourceTree = "<group>"; };
		F3C84B741628E105006CBFEF /* FATableViewCellWithActivity.h */ = {isa = PBXFileReference; fileEncoding = 4; lastKnownFileType = sourcecode.c.h; name = FATableViewCellWithActivity.h; path = Elements/FATableViewCellWithActivity.h; sourceTree = "<group>"; };
		F3C84B751628E105006CBFEF /* FATableViewCellWithActivity.m */ = {isa = PBXFileReference; fileEncoding = 4; lastKnownFileType = sourcecode.c.objc; name = FATableViewCellWithActivity.m; path = Elements/FATableViewCellWithActivity.m; sourceTree = "<group>"; };
		F3C84B771629719D006CBFEF /* FADetailViewController.h */ = {isa = PBXFileReference; fileEncoding = 4; lastKnownFileType = sourcecode.c.h; path = FADetailViewController.h; sourceTree = "<group>"; };
		F3C84B781629719D006CBFEF /* FADetailViewController.m */ = {isa = PBXFileReference; fileEncoding = 4; lastKnownFileType = sourcecode.c.objc; path = FADetailViewController.m; sourceTree = "<group>"; };
		F3C84B7A162976A5006CBFEF /* Default.png */ = {isa = PBXFileReference; lastKnownFileType = image.png; name = Default.png; path = ../Default.png; sourceTree = "<group>"; };
		F3C84B7C162A1BC9006CBFEF /* FAImagePlaceholder.png */ = {isa = PBXFileReference; lastKnownFileType = image.png; name = FAImagePlaceholder.png; path = Resources/FAImagePlaceholder.png; sourceTree = "<group>"; };
		F3EE743C16DA916300FF2C9F /* FATraktListItem.h */ = {isa = PBXFileReference; fileEncoding = 4; lastKnownFileType = sourcecode.c.h; name = FATraktListItem.h; path = API/DataTypes/FATraktListItem.h; sourceTree = "<group>"; };
		F3EE743D16DA916300FF2C9F /* FATraktListItem.m */ = {isa = PBXFileReference; fileEncoding = 4; lastKnownFileType = sourcecode.c.objc; name = FATraktListItem.m; path = API/DataTypes/FATraktListItem.m; sourceTree = "<group>"; };
		F3F35E80169B655600A925B4 /* FASearchBar.h */ = {isa = PBXFileReference; fileEncoding = 4; lastKnownFileType = sourcecode.c.h; name = FASearchBar.h; path = Elements/FASearchBar.h; sourceTree = "<group>"; };
		F3F35E81169B655600A925B4 /* FASearchBar.m */ = {isa = PBXFileReference; fileEncoding = 4; lastKnownFileType = sourcecode.c.objc; name = FASearchBar.m; path = Elements/FASearchBar.m; sourceTree = "<group>"; };
		F3F35E83169B6B7C00A925B4 /* FATraktContent.h */ = {isa = PBXFileReference; fileEncoding = 4; lastKnownFileType = sourcecode.c.h; name = FATraktContent.h; path = API/DataTypes/FATraktContent.h; sourceTree = "<group>"; };
		F3F35E84169B6B7C00A925B4 /* FATraktContent.m */ = {isa = PBXFileReference; fileEncoding = 4; lastKnownFileType = sourcecode.c.objc; name = FATraktContent.m; path = API/DataTypes/FATraktContent.m; sourceTree = "<group>"; };
		F3F35E86169B6D7700A925B4 /* FATraktWatchableBaseItem.h */ = {isa = PBXFileReference; fileEncoding = 4; lastKnownFileType = sourcecode.c.h; name = FATraktWatchableBaseItem.h; path = API/DataTypes/FATraktWatchableBaseItem.h; sourceTree = "<group>"; };
		F3F35E87169B6D7800A925B4 /* FATraktWatchableBaseItem.m */ = {isa = PBXFileReference; fileEncoding = 4; lastKnownFileType = sourcecode.c.objc; name = FATraktWatchableBaseItem.m; path = API/DataTypes/FATraktWatchableBaseItem.m; sourceTree = "<group>"; };
		F3F8C5F11626F33E00D6BD4C /* FASearchBarWithActivity.h */ = {isa = PBXFileReference; fileEncoding = 4; lastKnownFileType = sourcecode.c.h; path = FASearchBarWithActivity.h; sourceTree = "<group>"; };
		F3F8C5F21626F33E00D6BD4C /* FASearchBarWithActivity.m */ = {isa = PBXFileReference; fileEncoding = 4; lastKnownFileType = sourcecode.c.objc; path = FASearchBarWithActivity.m; sourceTree = "<group>"; };
		F3F8C5F9162705F500D6BD4C /* FASearchResultTableViewCell.h */ = {isa = PBXFileReference; fileEncoding = 4; lastKnownFileType = sourcecode.c.h; path = FASearchResultTableViewCell.h; sourceTree = "<group>"; };
		F3F8C5FA162705F500D6BD4C /* FASearchResultTableViewCell.m */ = {isa = PBXFileReference; fileEncoding = 4; lastKnownFileType = sourcecode.c.objc; path = FASearchResultTableViewCell.m; sourceTree = "<group>"; };
		F3F9E30B16282D490077CBAA /* FATrakrTestSearch.h */ = {isa = PBXFileReference; fileEncoding = 4; lastKnownFileType = sourcecode.c.h; path = FATrakrTestSearch.h; sourceTree = "<group>"; };
		F3F9E30C16282D490077CBAA /* FATrakrTestSearch.m */ = {isa = PBXFileReference; fileEncoding = 4; lastKnownFileType = sourcecode.c.objc; path = FATrakrTestSearch.m; sourceTree = "<group>"; };
		F3F9E30E162831C20077CBAA /* FATraktShow.h */ = {isa = PBXFileReference; fileEncoding = 4; lastKnownFileType = sourcecode.c.h; name = FATraktShow.h; path = API/DataTypes/FATraktShow.h; sourceTree = "<group>"; };
		F3F9E30F162831C30077CBAA /* FATraktShow.m */ = {isa = PBXFileReference; fileEncoding = 4; lastKnownFileType = sourcecode.c.objc; name = FATraktShow.m; path = API/DataTypes/FATraktShow.m; sourceTree = "<group>"; };
		F3F9E311162838610077CBAA /* FATraktEpisode.h */ = {isa = PBXFileReference; fileEncoding = 4; lastKnownFileType = sourcecode.c.h; name = FATraktEpisode.h; path = API/DataTypes/FATraktEpisode.h; sourceTree = "<group>"; };
		F3F9E312162838610077CBAA /* FATraktEpisode.m */ = {isa = PBXFileReference; fileEncoding = 4; lastKnownFileType = sourcecode.c.objc; name = FATraktEpisode.m; path = API/DataTypes/FATraktEpisode.m; sourceTree = "<group>"; };
		F3F9E3141628C9700077CBAA /* FAConnectingViewController.h */ = {isa = PBXFileReference; fileEncoding = 4; lastKnownFileType = sourcecode.c.h; path = FAConnectingViewController.h; sourceTree = "<group>"; };
		F3F9E3151628C9710077CBAA /* FAConnectingViewController.m */ = {isa = PBXFileReference; fileEncoding = 4; lastKnownFileType = sourcecode.c.objc; path = FAConnectingViewController.m; sourceTree = "<group>"; };
		F3F9E3171628CE600077CBAA /* Default@2x.png */ = {isa = PBXFileReference; lastKnownFileType = image.png; name = "Default@2x.png"; path = "../Default@2x.png"; sourceTree = "<group>"; };
		F49B2E03388B47F18675407D /* Pods.xcconfig */ = {isa = PBXFileReference; includeInIndex = 1; lastKnownFileType = text.xcconfig; name = Pods.xcconfig; path = Pods/Pods.xcconfig; sourceTree = SOURCE_ROOT; };
/* End PBXFileReference section */

/* Begin PBXFrameworksBuildPhase section */
		B66752F715F12FBE00A8D76D /* Frameworks */ = {
			isa = PBXFrameworksBuildPhase;
			buildActionMask = 2147483647;
			files = (
				F390191B16513819006C8E5B /* Security.framework in Frameworks */,
				B63EAB2E15FE57DE00DB2663 /* QuartzCore.framework in Frameworks */,
				B66752FF15F12FBE00A8D76D /* UIKit.framework in Frameworks */,
				B667530115F12FBE00A8D76D /* Foundation.framework in Frameworks */,
				B667530315F12FBE00A8D76D /* CoreGraphics.framework in Frameworks */,
				C086381688C54BD0BB2DE3E1 /* libPods.a in Frameworks */,
			);
			runOnlyForDeploymentPostprocessing = 0;
		};
		B667532515F12FBE00A8D76D /* Frameworks */ = {
			isa = PBXFrameworksBuildPhase;
			buildActionMask = 2147483647;
			files = (
				B667532B15F12FBE00A8D76D /* SenTestingKit.framework in Frameworks */,
				B667532C15F12FBE00A8D76D /* UIKit.framework in Frameworks */,
				B667532D15F12FBE00A8D76D /* Foundation.framework in Frameworks */,
			);
			runOnlyForDeploymentPostprocessing = 0;
		};
/* End PBXFrameworksBuildPhase section */

/* Begin PBXGroup section */
		B66752EF15F12FBE00A8D76D = {
			isa = PBXGroup;
			children = (
				F390191A16513819006C8E5B /* Security.framework */,
				B667530415F12FBE00A8D76D /* Trakr */,
				B667533015F12FBE00A8D76D /* TrakrTests */,
				B66752FD15F12FBE00A8D76D /* Frameworks */,
				B66752FB15F12FBE00A8D76D /* Products */,
				F49B2E03388B47F18675407D /* Pods.xcconfig */,
			);
			sourceTree = "<group>";
		};
		B66752FB15F12FBE00A8D76D /* Products */ = {
			isa = PBXGroup;
			children = (
				B66752FA15F12FBE00A8D76D /* Trakr.app */,
				B667532915F12FBE00A8D76D /* TrakrTests.octest */,
			);
			name = Products;
			sourceTree = "<group>";
		};
		B66752FD15F12FBE00A8D76D /* Frameworks */ = {
			isa = PBXGroup;
			children = (
				B63EAB2C15FE57BD00DB2663 /* QuartzCore.framework */,
				B66752FE15F12FBE00A8D76D /* UIKit.framework */,
				B667530015F12FBE00A8D76D /* Foundation.framework */,
				B667530215F12FBE00A8D76D /* CoreGraphics.framework */,
				B667532A15F12FBE00A8D76D /* SenTestingKit.framework */,
				E6D0B6AA985E4CD4B698AA53 /* libPods.a */,
			);
			name = Frameworks;
			sourceTree = "<group>";
		};
		B667530415F12FBE00A8D76D /* Trakr */ = {
			isa = PBXGroup;
			children = (
				B667534115F12FEB00A8D76D /* API */,
				F3C84B701628DCFD006CBFEF /* General */,
				F3C84B6F1628DCDA006CBFEF /* Storyboards */,
				F3C84B6A1628DC56006CBFEF /* View Controllers */,
				F3F9E31C1628DBC70077CBAA /* Interface Elements */,
				F3C84B671628DC0B006CBFEF /* Categories */,
				F3C84B711628DD12006CBFEF /* Util */,
				B667530515F12FBE00A8D76D /* Supporting Files */,
			);
			path = Trakr;
			sourceTree = "<group>";
		};
		B667530515F12FBE00A8D76D /* Supporting Files */ = {
			isa = PBXGroup;
			children = (
				F3C84B681628DC1A006CBFEF /* Images */,
				B667530615F12FBE00A8D76D /* Trakr-Info.plist */,
				F357FA6416A8695C00420EC4 /* license.txt */,
				B667530715F12FBE00A8D76D /* InfoPlist.strings */,
				B667530A15F12FBE00A8D76D /* main.m */,
				B667530C15F12FBE00A8D76D /* Trakr-Prefix.pch */,
			);
			name = "Supporting Files";
			sourceTree = "<group>";
		};
		B667533015F12FBE00A8D76D /* TrakrTests */ = {
			isa = PBXGroup;
			children = (
				F3F9E30916282D320077CBAA /* UI */,
				B667533615F12FBE00A8D76D /* TrakrTests.h */,
				B667533715F12FBE00A8D76D /* TrakrTests.m */,
				B667533115F12FBE00A8D76D /* Supporting Files */,
			);
			path = TrakrTests;
			sourceTree = "<group>";
		};
		B667533115F12FBE00A8D76D /* Supporting Files */ = {
			isa = PBXGroup;
			children = (
				B667533215F12FBE00A8D76D /* TrakrTests-Info.plist */,
				B667533315F12FBE00A8D76D /* InfoPlist.strings */,
			);
			name = "Supporting Files";
			sourceTree = "<group>";
		};
		B667534115F12FEB00A8D76D /* API */ = {
			isa = PBXGroup;
			children = (
				F3F8C5FC1627297800D6BD4C /* Data Types */,
				B667534515F1319500A8D76D /* FATrakt.h */,
				B667534615F1319500A8D76D /* FATrakt.m */,
				B6FB0DBD161DF2C100043207 /* FASearchData.h */,
				B6FB0DBE161DF2C100043207 /* FASearchData.m */,
			);
			name = API;
			sourceTree = "<group>";
		};
		F357FA7016A8B60800420EC4 /* Settings Tab */ = {
			isa = PBXGroup;
			children = (
				F357FA6616A8842600420EC4 /* FASettingsViewController.h */,
				F357FA6716A8842600420EC4 /* FASettingsViewController.m */,
			);
			name = "Settings Tab";
			sourceTree = "<group>";
		};
		F357FA7116A8B61C00420EC4 /* Lists Tab */ = {
			isa = PBXGroup;
			children = (
				F357FA6D16A8B60100420EC4 /* FAListsViewController.h */,
				F357FA6E16A8B60100420EC4 /* FAListsViewController.m */,
				F386985016DA84AA00FA3F2E /* FAListDetailViewController.h */,
				F386985116DA84AA00FA3F2E /* FAListDetailViewController.m */,
			);
			name = "Lists Tab";
			sourceTree = "<group>";
		};
		F3C84B671628DC0B006CBFEF /* Categories */ = {
			isa = PBXGroup;
			children = (
				B613A86915FD67CF005D88CA /* NSDictionary+FAJSONRequest.h */,
				B613A86A15FD67CF005D88CA /* NSDictionary+FAJSONRequest.m */,
				B6FB0DBA161DEF2C00043207 /* NSString+URLEncode.h */,
				B6FB0DBB161DEF2C00043207 /* NSString+URLEncode.m */,
				F3544607163087D1007D0AC5 /* NSString+StringByAppendingSuffixToFilename.h */,
				F3544608163087D1007D0AC5 /* NSString+StringByAppendingSuffixToFilename.m */,
				F382AE6C1680D5C000B878BC /* UIView+SizeToFitSubviews.h */,
				F382AE6D1680D5C000B878BC /* UIView+SizeToFitSubviews.m */,
			);
			name = Categories;
			sourceTree = "<group>";
		};
		F3C84B681628DC1A006CBFEF /* Images */ = {
			isa = PBXGroup;
			children = (
				F357FA6916A899DD00420EC4 /* Checkmark.png */,
				F357FA6B16A89A4800420EC4 /* Checkmark@2x.png */,
				F3C84B7C162A1BC9006CBFEF /* FAImagePlaceholder.png */,
				B667531915F12FBE00A8D76D /* first.png */,
				B667531B15F12FBE00A8D76D /* first@2x.png */,
				B667532015F12FBE00A8D76D /* second.png */,
				B667532215F12FBE00A8D76D /* second@2x.png */,
				F3C84B7A162976A5006CBFEF /* Default.png */,
				F3F9E3171628CE600077CBAA /* Default@2x.png */,
				B6FB0DB7161DCA0000043207 /* Default-568h@2x.png */,
			);
			name = Images;
			sourceTree = "<group>";
		};
		F3C84B691628DC48006CBFEF /* Connection */ = {
			isa = PBXGroup;
			children = (
				F3F9E3141628C9700077CBAA /* FAConnectingViewController.h */,
				F3F9E3151628C9710077CBAA /* FAConnectingViewController.m */,
				B613A87015FD6FEB005D88CA /* FAAuthViewController.h */,
				B613A87115FD6FEB005D88CA /* FAAuthViewController.m */,
			);
			name = Connection;
			sourceTree = "<group>";
		};
		F3C84B6A1628DC56006CBFEF /* View Controllers */ = {
			isa = PBXGroup;
			children = (
				F3C84B6D1628DCB1006CBFEF /* Main Interface */,
				F3C84B691628DC48006CBFEF /* Connection */,
			);
			name = "View Controllers";
			sourceTree = "<group>";
		};
		F3C84B6B1628DC7E006CBFEF /* Activity Spinners */ = {
			isa = PBXGroup;
			children = (
				F3C84B731628DF52006CBFEF /* FAUIElementWithActivity.h */,
				F3F8C5F11626F33E00D6BD4C /* FASearchBarWithActivity.h */,
				F3F8C5F21626F33E00D6BD4C /* FASearchBarWithActivity.m */,
				F3C84B741628E105006CBFEF /* FATableViewCellWithActivity.h */,
				F3C84B751628E105006CBFEF /* FATableViewCellWithActivity.m */,
				F35445FD16308050007D0AC5 /* FAStatusBarSpinnerController.h */,
				F35445FE16308050007D0AC5 /* FAStatusBarSpinnerController.m */,
			);
			name = "Activity Spinners";
			sourceTree = "<group>";
		};
		F3C84B6C1628DC90006CBFEF /* Table View Cells */ = {
			isa = PBXGroup;
			children = (
				B63EAB2F15FE59A600DB2663 /* FAEditableTableViewCell.h */,
				B63EAB3015FE59A600DB2663 /* FAEditableTableViewCell.m */,
				F3F8C5F9162705F500D6BD4C /* FASearchResultTableViewCell.h */,
				F3F8C5FA162705F500D6BD4C /* FASearchResultTableViewCell.m */,
			);
			name = "Table View Cells";
			sourceTree = "<group>";
		};
		F3C84B6D1628DCB1006CBFEF /* Main Interface */ = {
			isa = PBXGroup;
			children = (
				B63EAB2915FD762800DB2663 /* FATabBarController.h */,
				B63EAB2A15FD762800DB2663 /* FATabBarController.m */,
				F3C84B6E1628DCC5006CBFEF /* Search Tab */,
				F357FA7116A8B61C00420EC4 /* Lists Tab */,
				F357FA7016A8B60800420EC4 /* Settings Tab */,
			);
			name = "Main Interface";
			sourceTree = "<group>";
		};
		F3C84B6E1628DCC5006CBFEF /* Search Tab */ = {
			isa = PBXGroup;
			children = (
				B667531615F12FBE00A8D76D /* FASearchViewController.h */,
				B667531715F12FBE00A8D76D /* FASearchViewController.m */,
				F3C84B771629719D006CBFEF /* FADetailViewController.h */,
				F3C84B781629719D006CBFEF /* FADetailViewController.m */,
				F357AB3216A78F5C00A578D5 /* FAEpisodeListViewController.h */,
				F357AB3316A78F5C00A578D5 /* FAEpisodeListViewController.m */,
			);
			name = "Search Tab";
			sourceTree = "<group>";
		};
		F3C84B6F1628DCDA006CBFEF /* Storyboards */ = {
			isa = PBXGroup;
			children = (
				B667531015F12FBE00A8D76D /* MainStoryboard_iPhone.storyboard */,
				B667531315F12FBE00A8D76D /* MainStoryboard_iPad.storyboard */,
			);
			name = Storyboards;
			sourceTree = "<group>";
		};
		F3C84B701628DCFD006CBFEF /* General */ = {
			isa = PBXGroup;
			children = (
				B667530D15F12FBE00A8D76D /* FAAppDelegate.h */,
				B667530E15F12FBE00A8D76D /* FAAppDelegate.m */,
			);
			name = General;
			sourceTree = "<group>";
		};
		F3C84B711628DD12006CBFEF /* Util */ = {
			isa = PBXGroup;
			children = (
				F390191716512EB8006C8E5B /* SFHFKeychainUtils.h */,
				F390191816512EB8006C8E5B /* SFHFKeychainUtils.m */,
				F3309657162743D7000BD107 /* FAPropertyUtil.h */,
				F3309658162743D7000BD107 /* FAPropertyUtil.m */,
				F390191C16514242006C8E5B /* APLog.h */,
				F390191D16514242006C8E5B /* APLog.m */,
			);
			name = Util;
			sourceTree = "<group>";
		};
		F3F8C5FC1627297800D6BD4C /* Data Types */ = {
			isa = PBXGroup;
			children = (
				F3328C24162740C500FB65B8 /* FATraktDatatype.h */,
				F3328C25162740C500FB65B8 /* FATraktDatatype.m */,
				F3F35E83169B6B7C00A925B4 /* FATraktContent.h */,
				F3F35E84169B6B7C00A925B4 /* FATraktContent.m */,
				F3F35E86169B6D7700A925B4 /* FATraktWatchableBaseItem.h */,
				F3F35E87169B6D7800A925B4 /* FATraktWatchableBaseItem.m */,
				B64C8F3C16238B0600A7C784 /* FATraktMovie.h */,
				B64C8F3D16238B0600A7C784 /* FATraktMovie.m */,
				F3544601163084FC007D0AC5 /* FATraktImageList.h */,
				F3544602163084FC007D0AC5 /* FATraktImageList.m */,
				F3F9E30E162831C20077CBAA /* FATraktShow.h */,
				F3F9E30F162831C30077CBAA /* FATraktShow.m */,
				F310CAA816A7960900781F24 /* FATraktSeason.h */,
				F310CAA916A7960900781F24 /* FATraktSeason.m */,
				F3F9E311162838610077CBAA /* FATraktEpisode.h */,
				F3F9E312162838610077CBAA /* FATraktEpisode.m */,
				F330966016281728000BD107 /* FATraktPeopleList.h */,
				F330966116281728000BD107 /* FATraktPeopleList.m */,
				F330965D162816DE000BD107 /* FATraktPeople.h */,
				F330965E162816DE000BD107 /* FATraktPeople.m */,
				F386984D16DA75C600FA3F2E /* FATraktList.h */,
				F386984E16DA75C600FA3F2E /* FATraktList.m */,
				F3EE743C16DA916300FF2C9F /* FATraktListItem.h */,
				F3EE743D16DA916300FF2C9F /* FATraktListItem.m */,
			);
			name = "Data Types";
			sourceTree = "<group>";
		};
		F3F9E30916282D320077CBAA /* UI */ = {
			isa = PBXGroup;
			children = (
				F3F9E30B16282D490077CBAA /* FATrakrTestSearch.h */,
				F3F9E30C16282D490077CBAA /* FATrakrTestSearch.m */,
			);
			name = UI;
			sourceTree = "<group>";
		};
		F3F9E31C1628DBC70077CBAA /* Interface Elements */ = {
			isa = PBXGroup;
			children = (
				F3F35E80169B655600A925B4 /* FASearchBar.h */,
				F3F35E81169B655600A925B4 /* FASearchBar.m */,
				F38BD69A16B770E300267137 /* FATitleLabel.h */,
				F38BD69B16B770E300267137 /* FATitleLabel.m */,
				F3C84B6C1628DC90006CBFEF /* Table View Cells */,
				F3C84B6B1628DC7E006CBFEF /* Activity Spinners */,
			);
			name = "Interface Elements";
			sourceTree = "<group>";
		};
/* End PBXGroup section */

/* Begin PBXNativeTarget section */
		B66752F915F12FBE00A8D76D /* Trakr */ = {
			isa = PBXNativeTarget;
			buildConfigurationList = B667533B15F12FBE00A8D76D /* Build configuration list for PBXNativeTarget "Trakr" */;
			buildPhases = (
				B6FB0DC4161E014400043207 /* ShellScript */,
				B66752F615F12FBE00A8D76D /* Sources */,
				B66752F715F12FBE00A8D76D /* Frameworks */,
				B66752F815F12FBE00A8D76D /* Resources */,
				8D728515B1FC49DA884DEBD7 /* Copy Pods Resources */,
			);
			buildRules = (
			);
			dependencies = (
			);
			name = Trakr;
			productName = Trakr;
			productReference = B66752FA15F12FBE00A8D76D /* Trakr.app */;
			productType = "com.apple.product-type.application";
		};
		B667532815F12FBE00A8D76D /* TrakrTests */ = {
			isa = PBXNativeTarget;
			buildConfigurationList = B667533E15F12FBE00A8D76D /* Build configuration list for PBXNativeTarget "TrakrTests" */;
			buildPhases = (
				B667532415F12FBE00A8D76D /* Sources */,
				B667532515F12FBE00A8D76D /* Frameworks */,
				B667532615F12FBE00A8D76D /* Resources */,
				B667532715F12FBE00A8D76D /* ShellScript */,
			);
			buildRules = (
			);
			dependencies = (
				B667532F15F12FBE00A8D76D /* PBXTargetDependency */,
			);
			name = TrakrTests;
			productName = TrakrTests;
			productReference = B667532915F12FBE00A8D76D /* TrakrTests.octest */;
			productType = "com.apple.product-type.bundle";
		};
/* End PBXNativeTarget section */

/* Begin PBXProject section */
		B66752F115F12FBE00A8D76D /* Project object */ = {
			isa = PBXProject;
			attributes = {
				CLASSPREFIX = FA;
				LastUpgradeCheck = 0460;
				ORGANIZATIONNAME = "Finn Wilke";
			};
			buildConfigurationList = B66752F415F12FBE00A8D76D /* Build configuration list for PBXProject "Trakr" */;
			compatibilityVersion = "Xcode 3.2";
			developmentRegion = English;
			hasScannedForEncodings = 0;
			knownRegions = (
				en,
			);
			mainGroup = B66752EF15F12FBE00A8D76D;
			productRefGroup = B66752FB15F12FBE00A8D76D /* Products */;
			projectDirPath = "";
			projectRoot = "";
			targets = (
				B66752F915F12FBE00A8D76D /* Trakr */,
				B667532815F12FBE00A8D76D /* TrakrTests */,
			);
		};
/* End PBXProject section */

/* Begin PBXResourcesBuildPhase section */
		B66752F815F12FBE00A8D76D /* Resources */ = {
			isa = PBXResourcesBuildPhase;
			buildActionMask = 2147483647;
			files = (
				B667530915F12FBE00A8D76D /* InfoPlist.strings in Resources */,
				B667531215F12FBE00A8D76D /* MainStoryboard_iPhone.storyboard in Resources */,
				B667531515F12FBE00A8D76D /* MainStoryboard_iPad.storyboard in Resources */,
				B667531A15F12FBE00A8D76D /* first.png in Resources */,
				B667531C15F12FBE00A8D76D /* first@2x.png in Resources */,
				B667532115F12FBE00A8D76D /* second.png in Resources */,
				B667532315F12FBE00A8D76D /* second@2x.png in Resources */,
				B613A86B15FD67CF005D88CA /* NSDictionary+FAJSONRequest.h in Resources */,
				B613A86C15FD67CF005D88CA /* NSDictionary+FAJSONRequest.m in Resources */,
				B613A87315FD6FEB005D88CA /* FAAuthViewController.h in Resources */,
				B613A87415FD6FEB005D88CA /* FAAuthViewController.m in Resources */,
				B6FB0DB8161DCA0000043207 /* Default-568h@2x.png in Resources */,
				F3F9E3181628CE600077CBAA /* Default@2x.png in Resources */,
				F3C84B7B162976A6006CBFEF /* Default.png in Resources */,
				F3C84B7D162A1BCA006CBFEF /* FAImagePlaceholder.png in Resources */,
				F357FA6516A8695C00420EC4 /* license.txt in Resources */,
				F357FA6A16A899DD00420EC4 /* Checkmark.png in Resources */,
				F357FA6C16A89A4800420EC4 /* Checkmark@2x.png in Resources */,
			);
			runOnlyForDeploymentPostprocessing = 0;
		};
		B667532615F12FBE00A8D76D /* Resources */ = {
			isa = PBXResourcesBuildPhase;
			buildActionMask = 2147483647;
			files = (
				B667533515F12FBE00A8D76D /* InfoPlist.strings in Resources */,
			);
			runOnlyForDeploymentPostprocessing = 0;
		};
/* End PBXResourcesBuildPhase section */

/* Begin PBXShellScriptBuildPhase section */
		8D728515B1FC49DA884DEBD7 /* Copy Pods Resources */ = {
			isa = PBXShellScriptBuildPhase;
			buildActionMask = 2147483647;
			files = (
			);
			inputPaths = (
			);
			name = "Copy Pods Resources";
			outputPaths = (
			);
			runOnlyForDeploymentPostprocessing = 0;
			shellPath = /bin/sh;
			shellScript = "\"${SRCROOT}/Pods/Pods-resources.sh\"\n";
		};
		B667532715F12FBE00A8D76D /* ShellScript */ = {
			isa = PBXShellScriptBuildPhase;
			buildActionMask = 2147483647;
			files = (
			);
			inputPaths = (
			);
			outputPaths = (
			);
			runOnlyForDeploymentPostprocessing = 0;
			shellPath = /bin/sh;
			shellScript = "# Run the unit tests in this test bundle.\n\"${SYSTEM_DEVELOPER_DIR}/Tools/RunUnitTests\"\n";
		};
		B6FB0DC4161E014400043207 /* ShellScript */ = {
			isa = PBXShellScriptBuildPhase;
			buildActionMask = 2147483647;
			files = (
			);
			inputPaths = (
			);
			outputPaths = (
			);
			runOnlyForDeploymentPostprocessing = 0;
			shellPath = /usr/bin/ruby;
			shellScript = "# An API keys script written by Patrick Gibson (@patr1ck) and Christopher Bowns (@cbowns)\n# This script sets API keys in your app's Info.plist from an .api_keys file you keep in your home directory (~/.api_keys)\n# This allows you to not check API keys into your source control system,\n# or for different developers to use different keys without needing to patch their working copies.\n\n# Installation directions:\n=begin\n1. Create a Run Script build phase in your Xcode project before Compile Sources\n2. Copy and paste this whole script in.\n3. Create or modify your .api_keys file to hold your API keys\n4. Modify the keys hash below to reference your .api_keys names from step 3\n5. Add placeholder keys to your app's Info.plist for the script to sub into.\n6. Add appropriate code to your app to pull from your Info.plist (see below)\n7. Build your app!\n=end\n\n# Your .api_keys should be in this format: (we recommend changing APPNAME to, well, your app name)\n=begin\nPARSE_APPNAME_PROD_APP_ID=foo\nPARSE_APPNAME_PROD_CLIENT_KEY=bar\nTESTFLIGHT_APPNAME=PartyApp\n=end\n\n# You can move your .api_keys file:\napi_keys_file=\"/Users/#{ENV['USER']}/Dropbox/Sync/misc/api_keys.txt\"\n\n# Declare your app-specific keys' names here, like so:\n# '.api_keys_key' => 'Info.plist_key'\nkeys = {\n    'TRAKT_API_KEY' => 'TraktAPIKey',\n}\n\n# A reminder: you need to add keys to your Info.plist so this script can put these values somewhere.\n# In XML, it should look something like:\n=begin\n<key>ParseProdClientKey</key>\n<string>?merp?</string>\n<key>TestFlightKey</key>\n<string>?hmm?</string>\n=end\n\n# Once this script is done running, it should look like:\n=begin\n<key>ParseProdClientKey</key>\n<string>bar</string>\n<key>TestFlightKey</key>\n<string>PartyApp</string>\n=end\n\n# Using these values in code looks something like:\n=begin\n[Parse setApplicationId:[[NSBundle mainBundle] objectForInfoDictionaryKey:@\"ParseDevAppID\"]\nclientKey:[[NSBundle mainBundle] objectForInfoDictionaryKey:@\"ParseDevClientKey\"]];\nor\nNSString *testFlightName = [[NSBundle mainBundle] objectForInfoDictionaryKey:@\"TestFlightKey\"];\n=end\n\n# And now, it's time to do some work.\n\n\n# Fail if not run from Xcode\nraise \"Must be run from Xcode\" unless ENV['XCODE_VERSION_ACTUAL']\n\ninfo_plist = \"#{ENV['BUILT_PRODUCTS_DIR']}/#{ENV['INFOPLIST_PATH']}\"\n\n# When building for the device, the plist is already converted to binary, so change it back.\n`plutil -convert xml1 #{info_plist}`\n\n# Load our keys from $HOME/.api_keys\napi_keys = IO.readlines(api_keys_file).join\napi_keys.each do |line|\n# puts \"line is #{line}\"\nif line.to_s.strip.length != 0 # Skip nil or empty or whitespace lines\nkey, value = line.split(\"=\")\nputs \"Loading #{key} = #{value}\"\nENV[key] = value.strip!\nend\nend\n\n# Open Info.plist and set the appropriate value to the revision hash\nlines = IO.readlines(info_plist).join\nkeys.each do |apikey, infokey|\nlines.gsub! /(<key>#{infokey}<\\/key>\\n\\t<string>).*?(<\\/string>)/, \"\\\\1#{ENV[apikey]}\\\\2\"\nend\n\n# Overwrite the original Info.plist file with our updated version\nFile.open(info_plist, 'w') {|f| f.puts lines}\n\n# Convert back to binary1 if we're building for the device\nif ENV['EFFECTIVE_PLATFORM_NAME'] == \"-iphonesimulator\" then\n`plutil -convert xml1 #{info_plist}`\nelse\n`plutil -convert binary1 #{info_plist}`\nend\n\n# Report to the user\nputs \"Updated the API Keys\"\n";
		};
/* End PBXShellScriptBuildPhase section */

/* Begin PBXSourcesBuildPhase section */
		B66752F615F12FBE00A8D76D /* Sources */ = {
			isa = PBXSourcesBuildPhase;
			buildActionMask = 2147483647;
			files = (
				B667530B15F12FBE00A8D76D /* main.m in Sources */,
				B667530F15F12FBE00A8D76D /* FAAppDelegate.m in Sources */,
				B667531815F12FBE00A8D76D /* FASearchViewController.m in Sources */,
				B667534715F1319500A8D76D /* FATrakt.m in Sources */,
				B63EAB2715FD748B00DB2663 /* FAAuthViewController.m in Sources */,
				B63EAB2B15FD762800DB2663 /* FATabBarController.m in Sources */,
				B63EAB3115FE59A600DB2663 /* FAEditableTableViewCell.m in Sources */,
				B6FB0DBC161DEF2C00043207 /* NSString+URLEncode.m in Sources */,
				B6FB0DBF161DF2C100043207 /* FASearchData.m in Sources */,
				B64C8F3E16238B0600A7C784 /* FATraktMovie.m in Sources */,
				F3F8C5F31626F33E00D6BD4C /* FASearchBarWithActivity.m in Sources */,
				F3F8C5FB162705F500D6BD4C /* FASearchResultTableViewCell.m in Sources */,
				F3328C26162740C500FB65B8 /* FATraktDatatype.m in Sources */,
				F3309659162743D7000BD107 /* FAPropertyUtil.m in Sources */,
				F330965F162816DE000BD107 /* FATraktPeople.m in Sources */,
				F330966216281728000BD107 /* FATraktPeopleList.m in Sources */,
				F3F9E310162831C30077CBAA /* FATraktShow.m in Sources */,
				F3F9E313162838610077CBAA /* FATraktEpisode.m in Sources */,
				F3F9E3161628C9710077CBAA /* FAConnectingViewController.m in Sources */,
				F3C84B761628E105006CBFEF /* FATableViewCellWithActivity.m in Sources */,
				F3C84B791629719D006CBFEF /* FADetailViewController.m in Sources */,
				F35445FF16308050007D0AC5 /* FAStatusBarSpinnerController.m in Sources */,
				F3544603163084FC007D0AC5 /* FATraktImageList.m in Sources */,
				F3544609163087D1007D0AC5 /* NSString+StringByAppendingSuffixToFilename.m in Sources */,
				F390191916512EB8006C8E5B /* SFHFKeychainUtils.m in Sources */,
				F390191E16514242006C8E5B /* APLog.m in Sources */,
				F382AE6E1680D5C000B878BC /* UIView+SizeToFitSubviews.m in Sources */,
				F3F35E82169B655600A925B4 /* FASearchBar.m in Sources */,
				F3F35E85169B6B7C00A925B4 /* FATraktContent.m in Sources */,
				F3F35E88169B6D7800A925B4 /* FATraktWatchableBaseItem.m in Sources */,
				F357AB3416A78F5C00A578D5 /* FAEpisodeListViewController.m in Sources */,
				F310CAAA16A7960900781F24 /* FATraktSeason.m in Sources */,
				F357FA6816A8842600420EC4 /* FASettingsViewController.m in Sources */,
				F357FA6F16A8B60100420EC4 /* FAListsViewController.m in Sources */,
				F38BD69C16B770E300267137 /* FATitleLabel.m in Sources */,
				F386984F16DA75C600FA3F2E /* FATraktList.m in Sources */,
				F386985216DA84AA00FA3F2E /* FAListDetailViewController.m in Sources */,
				F3EE743E16DA916300FF2C9F /* FATraktListItem.m in Sources */,
			);
			runOnlyForDeploymentPostprocessing = 0;
		};
		B667532415F12FBE00A8D76D /* Sources */ = {
			isa = PBXSourcesBuildPhase;
			buildActionMask = 2147483647;
			files = (
				B667533815F12FBE00A8D76D /* TrakrTests.m in Sources */,
				F3F9E30D16282D490077CBAA /* FATrakrTestSearch.m in Sources */,
			);
			runOnlyForDeploymentPostprocessing = 0;
		};
/* End PBXSourcesBuildPhase section */

/* Begin PBXTargetDependency section */
		B667532F15F12FBE00A8D76D /* PBXTargetDependency */ = {
			isa = PBXTargetDependency;
			target = B66752F915F12FBE00A8D76D /* Trakr */;
			targetProxy = B667532E15F12FBE00A8D76D /* PBXContainerItemProxy */;
		};
/* End PBXTargetDependency section */

/* Begin PBXVariantGroup section */
		B667530715F12FBE00A8D76D /* InfoPlist.strings */ = {
			isa = PBXVariantGroup;
			children = (
				B667530815F12FBE00A8D76D /* en */,
			);
			name = InfoPlist.strings;
			sourceTree = "<group>";
		};
		B667531015F12FBE00A8D76D /* MainStoryboard_iPhone.storyboard */ = {
			isa = PBXVariantGroup;
			children = (
				B667531115F12FBE00A8D76D /* en */,
			);
			name = MainStoryboard_iPhone.storyboard;
			sourceTree = "<group>";
		};
		B667531315F12FBE00A8D76D /* MainStoryboard_iPad.storyboard */ = {
			isa = PBXVariantGroup;
			children = (
				B667531415F12FBE00A8D76D /* en */,
			);
			name = MainStoryboard_iPad.storyboard;
			sourceTree = "<group>";
		};
		B667533315F12FBE00A8D76D /* InfoPlist.strings */ = {
			isa = PBXVariantGroup;
			children = (
				B667533415F12FBE00A8D76D /* en */,
			);
			name = InfoPlist.strings;
			sourceTree = "<group>";
		};
/* End PBXVariantGroup section */

/* Begin XCBuildConfiguration section */
		B667533915F12FBE00A8D76D /* Debug */ = {
			isa = XCBuildConfiguration;
			buildSettings = {
				ALWAYS_SEARCH_USER_PATHS = NO;
				ARCHS = "$(ARCHS_STANDARD_32_BIT)";
				CLANG_CXX_LANGUAGE_STANDARD = "gnu++0x";
				CLANG_ENABLE_OBJC_ARC = YES;
				CLANG_WARN_CONSTANT_CONVERSION = YES;
				CLANG_WARN_ENUM_CONVERSION = YES;
				CLANG_WARN_INT_CONVERSION = YES;
				CLANG_WARN__DUPLICATE_METHOD_MATCH = YES;
				"CODE_SIGN_IDENTITY[sdk=iphoneos*]" = "iPhone Developer";
				COPY_PHASE_STRIP = NO;
				GCC_C_LANGUAGE_STANDARD = gnu99;
				GCC_DYNAMIC_NO_PIC = NO;
				GCC_OPTIMIZATION_LEVEL = 0;
				GCC_PREPROCESSOR_DEFINITIONS = (
					"DEBUG=1",
					"$(inherited)",
				);
				GCC_SYMBOLS_PRIVATE_EXTERN = NO;
				GCC_VERSION = com.apple.compilers.llvm.clang.1_0;
				GCC_WARN_ABOUT_RETURN_TYPE = YES;
				GCC_WARN_UNINITIALIZED_AUTOS = YES;
				GCC_WARN_UNUSED_VARIABLE = YES;
				IPHONEOS_DEPLOYMENT_TARGET = 5.1;
				SDKROOT = iphoneos;
				TARGETED_DEVICE_FAMILY = "1,2";
			};
			name = Debug;
		};
		B667533A15F12FBE00A8D76D /* Release */ = {
			isa = XCBuildConfiguration;
			buildSettings = {
				ALWAYS_SEARCH_USER_PATHS = NO;
				ARCHS = "$(ARCHS_STANDARD_32_BIT)";
				CLANG_CXX_LANGUAGE_STANDARD = "gnu++0x";
				CLANG_ENABLE_OBJC_ARC = YES;
				CLANG_WARN_CONSTANT_CONVERSION = YES;
				CLANG_WARN_ENUM_CONVERSION = YES;
				CLANG_WARN_INT_CONVERSION = YES;
				CLANG_WARN__DUPLICATE_METHOD_MATCH = YES;
				"CODE_SIGN_IDENTITY[sdk=iphoneos*]" = "iPhone Developer";
				COPY_PHASE_STRIP = YES;
				GCC_C_LANGUAGE_STANDARD = gnu99;
				GCC_VERSION = com.apple.compilers.llvm.clang.1_0;
				GCC_WARN_ABOUT_RETURN_TYPE = YES;
				GCC_WARN_UNINITIALIZED_AUTOS = YES;
				GCC_WARN_UNUSED_VARIABLE = YES;
				IPHONEOS_DEPLOYMENT_TARGET = 5.1;
				OTHER_CFLAGS = "-DNS_BLOCK_ASSERTIONS=1";
				SDKROOT = iphoneos;
				TARGETED_DEVICE_FAMILY = "1,2";
				VALIDATE_PRODUCT = YES;
			};
			name = Release;
		};
		B667533C15F12FBE00A8D76D /* Debug */ = {
			isa = XCBuildConfiguration;
			baseConfigurationReference = F49B2E03388B47F18675407D /* Pods.xcconfig */;
			buildSettings = {
				CODE_SIGN_IDENTITY = "iPhone Developer";
				"CODE_SIGN_IDENTITY[sdk=iphoneos*]" = "iPhone Developer";
				GCC_PRECOMPILE_PREFIX_HEADER = YES;
				GCC_PREFIX_HEADER = "Trakr/Trakr-Prefix.pch";
				INFOPLIST_FILE = "Trakr/Trakr-Info.plist";
				IPHONEOS_DEPLOYMENT_TARGET = 6.0;
				PRODUCT_NAME = "$(TARGET_NAME)";
				PROVISIONING_PROFILE = "";
				"PROVISIONING_PROFILE[sdk=iphoneos*]" = "";
				WRAPPER_EXTENSION = app;
			};
			name = Debug;
		};
		B667533D15F12FBE00A8D76D /* Release */ = {
			isa = XCBuildConfiguration;
			baseConfigurationReference = F49B2E03388B47F18675407D /* Pods.xcconfig */;
			buildSettings = {
				CODE_SIGN_IDENTITY = "iPhone Developer";
				GCC_PRECOMPILE_PREFIX_HEADER = YES;
				GCC_PREFIX_HEADER = "Trakr/Trakr-Prefix.pch";
				INFOPLIST_FILE = "Trakr/Trakr-Info.plist";
				IPHONEOS_DEPLOYMENT_TARGET = 6.0;
				PRODUCT_NAME = "$(TARGET_NAME)";
				PROVISIONING_PROFILE = "";
				WRAPPER_EXTENSION = app;
			};
			name = Release;
		};
		B667533F15F12FBE00A8D76D /* Debug */ = {
			isa = XCBuildConfiguration;
			buildSettings = {
				BUNDLE_LOADER = "$(BUILT_PRODUCTS_DIR)/Trakr.app/Trakr";
				FRAMEWORK_SEARCH_PATHS = (
					"\"$(SDKROOT)/Developer/Library/Frameworks\"",
					"\"$(DEVELOPER_LIBRARY_DIR)/Frameworks\"",
				);
				GCC_PRECOMPILE_PREFIX_HEADER = YES;
				GCC_PREFIX_HEADER = "Trakr/Trakr-Prefix.pch";
				INFOPLIST_FILE = "TrakrTests/TrakrTests-Info.plist";
				PRODUCT_NAME = "$(TARGET_NAME)";
				TEST_HOST = "$(BUNDLE_LOADER)";
				WRAPPER_EXTENSION = octest;
			};
			name = Debug;
		};
		B667534015F12FBE00A8D76D /* Release */ = {
			isa = XCBuildConfiguration;
			buildSettings = {
				BUNDLE_LOADER = "$(BUILT_PRODUCTS_DIR)/Trakr.app/Trakr";
				FRAMEWORK_SEARCH_PATHS = (
					"\"$(SDKROOT)/Developer/Library/Frameworks\"",
					"\"$(DEVELOPER_LIBRARY_DIR)/Frameworks\"",
				);
				GCC_PRECOMPILE_PREFIX_HEADER = YES;
				GCC_PREFIX_HEADER = "Trakr/Trakr-Prefix.pch";
				INFOPLIST_FILE = "TrakrTests/TrakrTests-Info.plist";
				PRODUCT_NAME = "$(TARGET_NAME)";
				TEST_HOST = "$(BUNDLE_LOADER)";
				WRAPPER_EXTENSION = octest;
			};
			name = Release;
		};
/* End XCBuildConfiguration section */

/* Begin XCConfigurationList section */
		B66752F415F12FBE00A8D76D /* Build configuration list for PBXProject "Trakr" */ = {
			isa = XCConfigurationList;
			buildConfigurations = (
				B667533915F12FBE00A8D76D /* Debug */,
				B667533A15F12FBE00A8D76D /* Release */,
			);
			defaultConfigurationIsVisible = 0;
			defaultConfigurationName = Release;
		};
		B667533B15F12FBE00A8D76D /* Build configuration list for PBXNativeTarget "Trakr" */ = {
			isa = XCConfigurationList;
			buildConfigurations = (
				B667533C15F12FBE00A8D76D /* Debug */,
				B667533D15F12FBE00A8D76D /* Release */,
			);
			defaultConfigurationIsVisible = 0;
			defaultConfigurationName = Release;
		};
		B667533E15F12FBE00A8D76D /* Build configuration list for PBXNativeTarget "TrakrTests" */ = {
			isa = XCConfigurationList;
			buildConfigurations = (
				B667533F15F12FBE00A8D76D /* Debug */,
				B667534015F12FBE00A8D76D /* Release */,
			);
			defaultConfigurationIsVisible = 0;
			defaultConfigurationName = Release;
		};
/* End XCConfigurationList section */
	};
	rootObject = B66752F115F12FBE00A8D76D /* Project object */;
}
